
Microsoft Visual Studio Solution File, Format Version 12.00
# Visual Studio Version 16
VisualStudioVersion = 16.0.31105.61
MinimumVisualStudioVersion = 10.0.40219.1
Project("{FAE04EC0-301F-11D3-BF4B-00C04F79EFBC}") = "TPMenosCuatroMondinoFacundoDiseño", "TPMenosCuatroMondinoFacundoDiseño.csproj", "{B5A082B8-1BC9-4A23-8C32-91E207A63C2E}"
EndProject
Global
	GlobalSection(SolutionConfigurationPlatforms) = preSolution
		Debug|Any CPU = Debug|Any CPU
		Release|Any CPU = Release|Any CPU
	EndGlobalSection
	GlobalSection(ProjectConfigurationPlatforms) = postSolution
		{B5A082B8-1BC9-4A23-8C32-91E207A63C2E}.Debug|Any CPU.ActiveCfg = Debug|Any CPU
		{B5A082B8-1BC9-4A23-8C32-91E207A63C2E}.Debug|Any CPU.Build.0 = Debug|Any CPU
		{B5A082B8-1BC9-4A23-8C32-91E207A63C2E}.Release|Any CPU.ActiveCfg = Release|Any CPU
		{B5A082B8-1BC9-4A23-8C32-91E207A63C2E}.Release|Any CPU.Build.0 = Release|Any CPU
	EndGlobalSection
	GlobalSection(SolutionProperties) = preSolution
		HideSolutionNode = FALSE
	EndGlobalSection
	GlobalSection(ExtensibilityGlobals) = postSolution
		SolutionGuid = {9AAEF369-3B1D-4E64-B735-115D01677240}
	EndGlobalSection
EndGlobal
